{
  "name": "ztephm.github.io",
  "lockfileVersion": 2,
  "requires": true,
  "packages": {
    "": {
      "dependencies": {
        "@datadog/browser-rum": "^4.21.2"
      }
    },
    "node_modules/@datadog/browser-core": {
      "version": "4.21.2",
      "resolved": "https://registry.npmjs.org/@datadog/browser-core/-/browser-core-4.21.2.tgz",
      "integrity": "sha512-o3UvCPBF0OdCInCbiC9j79K0F7/wThARZFq8+wnAOitZu64VT5XNpHFQqFP+9c+zzcxmwlTIINHmWLdkpKEECg=="
    },
    "node_modules/@datadog/browser-rum": {
      "version": "4.21.2",
      "resolved": "https://registry.npmjs.org/@datadog/browser-rum/-/browser-rum-4.21.2.tgz",
      "integrity": "sha512-qvC7sRrZ5yy7siCHeGPnBsM6sKoU+jc1YGy/5WgRSs24WUt9trgBoRcVR1KwU/aK8xn6hUOKRdEIxkrss5JaiA==",
      "dependencies": {
        "@datadog/browser-core": "4.21.2",
        "@datadog/browser-rum-core": "4.21.2"
      },
      "peerDependencies": {
        "@datadog/browser-logs": "4.21.2"
      },
      "peerDependenciesMeta": {
        "@datadog/browser-logs": {
          "optional": true
        }
      }
    },
    "node_modules/@datadog/browser-rum-core": {
      "version": "4.21.2",
      "resolved": "https://registry.npmjs.org/@datadog/browser-rum-core/-/browser-rum-core-4.21.2.tgz",
      "integrity": "sha512-8hNiNygHY8Jt2APtm4nvciGyRKIEniaupe7Uj5Bq6OFZIFNgf6qj88bRXwOdPsP9ksBNNK18Hol1oI4EdxdkkQ==",
      "dependencies": {
        "@datadog/browser-core": "4.21.2"
      }
    }
  },
  "dependencies": {
    "@datadog/browser-core": {
      "version": "4.21.2",
      "resolved": "https://registry.npmjs.org/@datadog/browser-core/-/browser-core-4.21.2.tgz",
      "integrity": "sha512-o3UvCPBF0OdCInCbiC9j79K0F7/wThARZFq8+wnAOitZu64VT5XNpHFQqFP+9c+zzcxmwlTIINHmWLdkpKEECg=="
    },
    "@datadog/browser-rum": {
      "version": "4.21.2",
      "resolved": "https://registry.npmjs.org/@datadog/browser-rum/-/browser-rum-4.21.2.tgz",
      "integrity": "sha512-qvC7sRrZ5yy7siCHeGPnBsM6sKoU+jc1YGy/5WgRSs24WUt9trgBoRcVR1KwU/aK8xn6hUOKRdEIxkrss5JaiA==",
      "requires": {
        "@datadog/browser-core": "4.21.2",
        "@datadog/browser-rum-core": "4.21.2"
      }
    },
    "@datadog/browser-rum-core": {
      "version": "4.21.2",
      "resolved": "https://registry.npmjs.org/@datadog/browser-rum-core/-/browser-rum-core-4.21.2.tgz",
      "integrity": "sha512-8hNiNygHY8Jt2APtm4nvciGyRKIEniaupe7Uj5Bq6OFZIFNgf6qj88bRXwOdPsP9ksBNNK18Hol1oI4EdxdkkQ==",
      "requires": {
        "@datadog/browser-core": "4.21.2"
      }
    }
  }
}
